
Microsoft Visual Studio Solution File, Format Version 12.00
# Visual Studio Version 16
VisualStudioVersion = 16.0.30114.105
MinimumVisualStudioVersion = 10.0.40219.1
Project("{2150E333-8FDC-42A3-9474-1A3956D46DE8}") = "src", "src", "{710D957A-13FB-4ED0-9085-C635A4FA7132}"
EndProject
Project("{FAE04EC0-301F-11D3-BF4B-00C04F79EFBC}") = "Sample.Api", "src\Sample.Api\Sample.Api.csproj", "{626450DD-FE4D-4FAF-A706-781C26A120C6}"
EndProject
Project("{FAE04EC0-301F-11D3-BF4B-00C04F79EFBC}") = "Sample.Components", "src\Sample.Components\Sample.Components.csproj", "{309BC302-D83B-4C26-994B-C332C7852DDE}"
EndProject
Project("{FAE04EC0-301F-11D3-BF4B-00C04F79EFBC}") = "Sample.Contracts", "src\Sample.Contracts\Sample.Contracts.csproj", "{47A9A602-FBDA-4CF0-9186-E1B4BDC9CF8C}"
EndProject
Project("{2150E333-8FDC-42A3-9474-1A3956D46DE8}") = "tests", "tests", "{1D39DBF5-DD34-4EEB-9F21-597F4D7B0A91}"
EndProject
Project("{FAE04EC0-301F-11D3-BF4B-00C04F79EFBC}") = "Sample.Tests", "tests\Sample.Tests\Sample.Tests.csproj", "{F639ADCE-4169-4564-82F7-C29A6CE787A3}"
EndProject
Global
	GlobalSection(SolutionConfigurationPlatforms) = preSolution
		Debug|Any CPU = Debug|Any CPU
		Debug|x64 = Debug|x64
		Debug|x86 = Debug|x86
		Release|Any CPU = Release|Any CPU
		Release|x64 = Release|x64
		Release|x86 = Release|x86
	EndGlobalSection
	GlobalSection(SolutionProperties) = preSolution
		HideSolutionNode = FALSE
	EndGlobalSection
	GlobalSection(ProjectConfigurationPlatforms) = postSolution
		{626450DD-FE4D-4FAF-A706-781C26A120C6}.Debug|Any CPU.ActiveCfg = Debug|Any CPU
		{626450DD-FE4D-4FAF-A706-781C26A120C6}.Debug|Any CPU.Build.0 = Debug|Any CPU
		{626450DD-FE4D-4FAF-A706-781C26A120C6}.Debug|x64.ActiveCfg = Debug|Any CPU
		{626450DD-FE4D-4FAF-A706-781C26A120C6}.Debug|x64.Build.0 = Debug|Any CPU
		{626450DD-FE4D-4FAF-A706-781C26A120C6}.Debug|x86.ActiveCfg = Debug|Any CPU
		{626450DD-FE4D-4FAF-A706-781C26A120C6}.Debug|x86.Build.0 = Debug|Any CPU
		{626450DD-FE4D-4FAF-A706-781C26A120C6}.Release|Any CPU.ActiveCfg = Release|Any CPU
		{626450DD-FE4D-4FAF-A706-781C26A120C6}.Release|Any CPU.Build.0 = Release|Any CPU
		{626450DD-FE4D-4FAF-A706-781C26A120C6}.Release|x64.ActiveCfg = Release|Any CPU
		{626450DD-FE4D-4FAF-A706-781C26A120C6}.Release|x64.Build.0 = Release|Any CPU
		{626450DD-FE4D-4FAF-A706-781C26A120C6}.Release|x86.ActiveCfg = Release|Any CPU
		{626450DD-FE4D-4FAF-A706-781C26A120C6}.Release|x86.Build.0 = Release|Any CPU
		{309BC302-D83B-4C26-994B-C332C7852DDE}.Debug|Any CPU.ActiveCfg = Debug|Any CPU
		{309BC302-D83B-4C26-994B-C332C7852DDE}.Debug|Any CPU.Build.0 = Debug|Any CPU
		{309BC302-D83B-4C26-994B-C332C7852DDE}.Debug|x64.ActiveCfg = Debug|Any CPU
		{309BC302-D83B-4C26-994B-C332C7852DDE}.Debug|x64.Build.0 = Debug|Any CPU
		{309BC302-D83B-4C26-994B-C332C7852DDE}.Debug|x86.ActiveCfg = Debug|Any CPU
		{309BC302-D83B-4C26-994B-C332C7852DDE}.Debug|x86.Build.0 = Debug|Any CPU
		{309BC302-D83B-4C26-994B-C332C7852DDE}.Release|Any CPU.ActiveCfg = Release|Any CPU
		{309BC302-D83B-4C26-994B-C332C7852DDE}.Release|Any CPU.Build.0 = Release|Any CPU
		{309BC302-D83B-4C26-994B-C332C7852DDE}.Release|x64.ActiveCfg = Release|Any CPU
		{309BC302-D83B-4C26-994B-C332C7852DDE}.Release|x64.Build.0 = Release|Any CPU
		{309BC302-D83B-4C26-994B-C332C7852DDE}.Release|x86.ActiveCfg = Release|Any CPU
		{309BC302-D83B-4C26-994B-C332C7852DDE}.Release|x86.Build.0 = Release|Any CPU
		{47A9A602-FBDA-4CF0-9186-E1B4BDC9CF8C}.Debug|Any CPU.ActiveCfg = Debug|Any CPU
		{47A9A602-FBDA-4CF0-9186-E1B4BDC9CF8C}.Debug|Any CPU.Build.0 = Debug|Any CPU
		{47A9A602-FBDA-4CF0-9186-E1B4BDC9CF8C}.Debug|x64.ActiveCfg = Debug|Any CPU
		{47A9A602-FBDA-4CF0-9186-E1B4BDC9CF8C}.Debug|x64.Build.0 = Debug|Any CPU
		{47A9A602-FBDA-4CF0-9186-E1B4BDC9CF8C}.Debug|x86.ActiveCfg = Debug|Any CPU
		{47A9A602-FBDA-4CF0-9186-E1B4BDC9CF8C}.Debug|x86.Build.0 = Debug|Any CPU
		{47A9A602-FBDA-4CF0-9186-E1B4BDC9CF8C}.Release|Any CPU.ActiveCfg = Release|Any CPU
		{47A9A602-FBDA-4CF0-9186-E1B4BDC9CF8C}.Release|Any CPU.Build.0 = Release|Any CPU
		{47A9A602-FBDA-4CF0-9186-E1B4BDC9CF8C}.Release|x64.ActiveCfg = Release|Any CPU
		{47A9A602-FBDA-4CF0-9186-E1B4BDC9CF8C}.Release|x64.Build.0 = Release|Any CPU
		{47A9A602-FBDA-4CF0-9186-E1B4BDC9CF8C}.Release|x86.ActiveCfg = Release|Any CPU
		{47A9A602-FBDA-4CF0-9186-E1B4BDC9CF8C}.Release|x86.Build.0 = Release|Any CPU
		{F639ADCE-4169-4564-82F7-C29A6CE787A3}.Debug|Any CPU.ActiveCfg = Debug|Any CPU
		{F639ADCE-4169-4564-82F7-C29A6CE787A3}.Debug|Any CPU.Build.0 = Debug|Any CPU
		{F639ADCE-4169-4564-82F7-C29A6CE787A3}.Debug|x64.ActiveCfg = Debug|Any CPU
		{F639ADCE-4169-4564-82F7-C29A6CE787A3}.Debug|x64.Build.0 = Debug|Any CPU
		{F639ADCE-4169-4564-82F7-C29A6CE787A3}.Debug|x86.ActiveCfg = Debug|Any CPU
		{F639ADCE-4169-4564-82F7-C29A6CE787A3}.Debug|x86.Build.0 = Debug|Any CPU
		{F639ADCE-4169-4564-82F7-C29A6CE787A3}.Release|Any CPU.ActiveCfg = Release|Any CPU
		{F639ADCE-4169-4564-82F7-C29A6CE787A3}.Release|Any CPU.Build.0 = Release|Any CPU
		{F639ADCE-4169-4564-82F7-C29A6CE787A3}.Release|x64.ActiveCfg = Release|Any CPU
		{F639ADCE-4169-4564-82F7-C29A6CE787A3}.Release|x64.Build.0 = Release|Any CPU
		{F639ADCE-4169-4564-82F7-C29A6CE787A3}.Release|x86.ActiveCfg = Release|Any CPU
		{F639ADCE-4169-4564-82F7-C29A6CE787A3}.Release|x86.Build.0 = Release|Any CPU
	EndGlobalSection
	GlobalSection(NestedProjects) = preSolution
		{626450DD-FE4D-4FAF-A706-781C26A120C6} = {710D957A-13FB-4ED0-9085-C635A4FA7132}
		{309BC302-D83B-4C26-994B-C332C7852DDE} = {710D957A-13FB-4ED0-9085-C635A4FA7132}
		{47A9A602-FBDA-4CF0-9186-E1B4BDC9CF8C} = {710D957A-13FB-4ED0-9085-C635A4FA7132}
		{F639ADCE-4169-4564-82F7-C29A6CE787A3} = {1D39DBF5-DD34-4EEB-9F21-597F4D7B0A91}
	EndGlobalSection
EndGlobal
