
Microsoft Visual Studio Solution File, Format Version 12.00
# Visual Studio Version 16
VisualStudioVersion = 16.0.30114.105
MinimumVisualStudioVersion = 10.0.40219.1
Project("{2150E333-8FDC-42A3-9474-1A3956D46DE8}") = "src", "src", "{710D957A-13FB-4ED0-9085-C635A4FA7132}"
EndProject
Project("{FAE04EC0-301F-11D3-BF4B-00C04F79EFBC}") = "Sample.Api", "src\Sample.Api\Sample.Api.csproj", "{626450DD-FE4D-4FAF-A706-781C26A120C6}"
EndProject
Project("{FAE04EC0-301F-11D3-BF4B-00C04F79EFBC}") = "Sample.Domain", "src\Sample.Domain\Sample.Domain.csproj", "{0AF74A1A-A6A8-4832-ADB1-48B615975624}"
EndProject
Global
	GlobalSection(SolutionConfigurationPlatforms) = preSolution
		Debug|Any CPU = Debug|Any CPU
		Debug|x64 = Debug|x64
		Debug|x86 = Debug|x86
		Release|Any CPU = Release|Any CPU
		Release|x64 = Release|x64
		Release|x86 = Release|x86
	EndGlobalSection
	GlobalSection(SolutionProperties) = preSolution
		HideSolutionNode = FALSE
	EndGlobalSection
	GlobalSection(ProjectConfigurationPlatforms) = postSolution
		{626450DD-FE4D-4FAF-A706-781C26A120C6}.Debug|Any CPU.ActiveCfg = Debug|Any CPU
		{626450DD-FE4D-4FAF-A706-781C26A120C6}.Debug|Any CPU.Build.0 = Debug|Any CPU
		{626450DD-FE4D-4FAF-A706-781C26A120C6}.Debug|x64.ActiveCfg = Debug|Any CPU
		{626450DD-FE4D-4FAF-A706-781C26A120C6}.Debug|x64.Build.0 = Debug|Any CPU
		{626450DD-FE4D-4FAF-A706-781C26A120C6}.Debug|x86.ActiveCfg = Debug|Any CPU
		{626450DD-FE4D-4FAF-A706-781C26A120C6}.Debug|x86.Build.0 = Debug|Any CPU
		{626450DD-FE4D-4FAF-A706-781C26A120C6}.Release|Any CPU.ActiveCfg = Release|Any CPU
		{626450DD-FE4D-4FAF-A706-781C26A120C6}.Release|Any CPU.Build.0 = Release|Any CPU
		{626450DD-FE4D-4FAF-A706-781C26A120C6}.Release|x64.ActiveCfg = Release|Any CPU
		{626450DD-FE4D-4FAF-A706-781C26A120C6}.Release|x64.Build.0 = Release|Any CPU
		{626450DD-FE4D-4FAF-A706-781C26A120C6}.Release|x86.ActiveCfg = Release|Any CPU
		{626450DD-FE4D-4FAF-A706-781C26A120C6}.Release|x86.Build.0 = Release|Any CPU
		{0AF74A1A-A6A8-4832-ADB1-48B615975624}.Debug|Any CPU.ActiveCfg = Debug|Any CPU
		{0AF74A1A-A6A8-4832-ADB1-48B615975624}.Debug|Any CPU.Build.0 = Debug|Any CPU
		{0AF74A1A-A6A8-4832-ADB1-48B615975624}.Debug|x64.ActiveCfg = Debug|Any CPU
		{0AF74A1A-A6A8-4832-ADB1-48B615975624}.Debug|x64.Build.0 = Debug|Any CPU
		{0AF74A1A-A6A8-4832-ADB1-48B615975624}.Debug|x86.ActiveCfg = Debug|Any CPU
		{0AF74A1A-A6A8-4832-ADB1-48B615975624}.Debug|x86.Build.0 = Debug|Any CPU
		{0AF74A1A-A6A8-4832-ADB1-48B615975624}.Release|Any CPU.ActiveCfg = Release|Any CPU
		{0AF74A1A-A6A8-4832-ADB1-48B615975624}.Release|Any CPU.Build.0 = Release|Any CPU
		{0AF74A1A-A6A8-4832-ADB1-48B615975624}.Release|x64.ActiveCfg = Release|Any CPU
		{0AF74A1A-A6A8-4832-ADB1-48B615975624}.Release|x64.Build.0 = Release|Any CPU
		{0AF74A1A-A6A8-4832-ADB1-48B615975624}.Release|x86.ActiveCfg = Release|Any CPU
		{0AF74A1A-A6A8-4832-ADB1-48B615975624}.Release|x86.Build.0 = Release|Any CPU
	EndGlobalSection
	GlobalSection(NestedProjects) = preSolution
		{626450DD-FE4D-4FAF-A706-781C26A120C6} = {710D957A-13FB-4ED0-9085-C635A4FA7132}
		{0AF74A1A-A6A8-4832-ADB1-48B615975624} = {710D957A-13FB-4ED0-9085-C635A4FA7132}
	EndGlobalSection
EndGlobal
